
Microsoft Visual Studio Solution File, Format Version 12.00
# Visual Studio Version 16
VisualStudioVersion = 16.0.31515.178
MinimumVisualStudioVersion = 10.0.40219.1
Project("{FAE04EC0-301F-11D3-BF4B-00C04F79EFBC}") = "Email_System", "Email_System.csproj", "{7FE512E9-45B2-468A-B04B-A6D8C48F0672}"
EndProject
Global
	GlobalSection(SolutionConfigurationPlatforms) = preSolution
		Debug|Any CPU = Debug|Any CPU
		Release|Any CPU = Release|Any CPU
	EndGlobalSection
	GlobalSection(ProjectConfigurationPlatforms) = postSolution
		{7FE512E9-45B2-468A-B04B-A6D8C48F0672}.Debug|Any CPU.ActiveCfg = Debug|Any CPU
		{7FE512E9-45B2-468A-B04B-A6D8C48F0672}.Debug|Any CPU.Build.0 = Debug|Any CPU
		{7FE512E9-45B2-468A-B04B-A6D8C48F0672}.Release|Any CPU.ActiveCfg = Release|Any CPU
		{7FE512E9-45B2-468A-B04B-A6D8C48F0672}.Release|Any CPU.Build.0 = Release|Any CPU
	EndGlobalSection
	GlobalSection(SolutionProperties) = preSolution
		HideSolutionNode = FALSE
	EndGlobalSection
	GlobalSection(ExtensibilityGlobals) = postSolution
		SolutionGuid = {D04D316E-CF45-489D-9736-C5D36E79DF71}
	EndGlobalSection
EndGlobal
